
Microsoft Visual Studio Solution File, Format Version 12.00
# Visual Studio Version 17
VisualStudioVersion = 17.0.31903.59
MinimumVisualStudioVersion = 10.0.40219.1
Project("{FAE04EC0-301F-11D3-BF4B-00C04F79EFBC}") = "WinterPasswordLib", "WinterPasswordLib\WinterPasswordLib.csproj", "{D9F6C6B6-6BD3-4185-9354-C4A23C558030}"
EndProject
Project("{2150E333-8FDC-42A3-9474-1A3956D46DE8}") = "10-Basics", "10-Basics", "{2DD996F9-4686-576C-A612-F1C7E10DA9BD}"
EndProject
Project("{2150E333-8FDC-42A3-9474-1A3956D46DE8}") = "10-McpServerNoSdk", "10-McpServerNoSdk", "{97625C3E-F749-66DE-9AEE-71ACB2617FF9}"
EndProject
Project("{FAE04EC0-301F-11D3-BF4B-00C04F79EFBC}") = "McpServerNoSdk", "10-Basics\10-McpServerNoSdk\McpServerNoSdk.csproj", "{E336D025-FE2F-4508-A981-C0956FAD3CB4}"
EndProject
Project("{2150E333-8FDC-42A3-9474-1A3956D46DE8}") = "20-McpServerSdk", "20-McpServerSdk", "{CFFCA75F-2D45-1ADB-3EFB-419568A8E04F}"
EndProject
Project("{FAE04EC0-301F-11D3-BF4B-00C04F79EFBC}") = "McpServerSdk", "10-Basics\20-McpServerSdk\McpServerSdk.csproj", "{D04E7F03-52F3-4ED2-8F1A-333F01716E47}"
EndProject
Project("{2150E333-8FDC-42A3-9474-1A3956D46DE8}") = "30-McpClient", "30-McpClient", "{1C688679-CD1A-1BA7-7122-341F9B770173}"
EndProject
Project("{FAE04EC0-301F-11D3-BF4B-00C04F79EFBC}") = "McpClient", "10-Basics\30-McpClient\McpClient.csproj", "{9AFD3E1D-1400-4D1E-85A1-87633F5D3A60}"
EndProject
Project("{2150E333-8FDC-42A3-9474-1A3956D46DE8}") = "40-McpServerSampling", "40-McpServerSampling", "{FA3BD90F-471D-7629-A4F5-4A81465C425A}"
EndProject
Project("{FAE04EC0-301F-11D3-BF4B-00C04F79EFBC}") = "McpServerSampling", "10-Basics\40-McpServerSampling\McpServerSampling.csproj", "{51ADB5E1-A909-4B4A-9E68-234C48F0E27F}"
EndProject
Project("{2150E333-8FDC-42A3-9474-1A3956D46DE8}") = "50-McpServerVerifyImage", "50-McpServerVerifyImage", "{E893F207-1059-3500-8184-03D2218C07D6}"
EndProject
Project("{FAE04EC0-301F-11D3-BF4B-00C04F79EFBC}") = "McpServerVerifyImage", "10-Basics\50-McpServerVerifyImage\McpServerVerifyImage.csproj", "{2D5F4EC0-E952-453B-80D4-A0D184511BC3}"
EndProject
Global
	GlobalSection(SolutionConfigurationPlatforms) = preSolution
		Debug|Any CPU = Debug|Any CPU
		Debug|x64 = Debug|x64
		Debug|x86 = Debug|x86
		Release|Any CPU = Release|Any CPU
		Release|x64 = Release|x64
		Release|x86 = Release|x86
	EndGlobalSection
	GlobalSection(ProjectConfigurationPlatforms) = postSolution
		{D9F6C6B6-6BD3-4185-9354-C4A23C558030}.Debug|Any CPU.ActiveCfg = Debug|Any CPU
		{D9F6C6B6-6BD3-4185-9354-C4A23C558030}.Debug|Any CPU.Build.0 = Debug|Any CPU
		{D9F6C6B6-6BD3-4185-9354-C4A23C558030}.Debug|x64.ActiveCfg = Debug|Any CPU
		{D9F6C6B6-6BD3-4185-9354-C4A23C558030}.Debug|x64.Build.0 = Debug|Any CPU
		{D9F6C6B6-6BD3-4185-9354-C4A23C558030}.Debug|x86.ActiveCfg = Debug|Any CPU
		{D9F6C6B6-6BD3-4185-9354-C4A23C558030}.Debug|x86.Build.0 = Debug|Any CPU
		{D9F6C6B6-6BD3-4185-9354-C4A23C558030}.Release|Any CPU.ActiveCfg = Release|Any CPU
		{D9F6C6B6-6BD3-4185-9354-C4A23C558030}.Release|Any CPU.Build.0 = Release|Any CPU
		{D9F6C6B6-6BD3-4185-9354-C4A23C558030}.Release|x64.ActiveCfg = Release|Any CPU
		{D9F6C6B6-6BD3-4185-9354-C4A23C558030}.Release|x64.Build.0 = Release|Any CPU
		{D9F6C6B6-6BD3-4185-9354-C4A23C558030}.Release|x86.ActiveCfg = Release|Any CPU
		{D9F6C6B6-6BD3-4185-9354-C4A23C558030}.Release|x86.Build.0 = Release|Any CPU
		{E336D025-FE2F-4508-A981-C0956FAD3CB4}.Debug|Any CPU.ActiveCfg = Debug|Any CPU
		{E336D025-FE2F-4508-A981-C0956FAD3CB4}.Debug|Any CPU.Build.0 = Debug|Any CPU
		{E336D025-FE2F-4508-A981-C0956FAD3CB4}.Debug|x64.ActiveCfg = Debug|Any CPU
		{E336D025-FE2F-4508-A981-C0956FAD3CB4}.Debug|x64.Build.0 = Debug|Any CPU
		{E336D025-FE2F-4508-A981-C0956FAD3CB4}.Debug|x86.ActiveCfg = Debug|Any CPU
		{E336D025-FE2F-4508-A981-C0956FAD3CB4}.Debug|x86.Build.0 = Debug|Any CPU
		{E336D025-FE2F-4508-A981-C0956FAD3CB4}.Release|Any CPU.ActiveCfg = Release|Any CPU
		{E336D025-FE2F-4508-A981-C0956FAD3CB4}.Release|Any CPU.Build.0 = Release|Any CPU
		{E336D025-FE2F-4508-A981-C0956FAD3CB4}.Release|x64.ActiveCfg = Release|Any CPU
		{E336D025-FE2F-4508-A981-C0956FAD3CB4}.Release|x64.Build.0 = Release|Any CPU
		{E336D025-FE2F-4508-A981-C0956FAD3CB4}.Release|x86.ActiveCfg = Release|Any CPU
		{E336D025-FE2F-4508-A981-C0956FAD3CB4}.Release|x86.Build.0 = Release|Any CPU
		{D04E7F03-52F3-4ED2-8F1A-333F01716E47}.Debug|Any CPU.ActiveCfg = Debug|Any CPU
		{D04E7F03-52F3-4ED2-8F1A-333F01716E47}.Debug|Any CPU.Build.0 = Debug|Any CPU
		{D04E7F03-52F3-4ED2-8F1A-333F01716E47}.Debug|x64.ActiveCfg = Debug|Any CPU
		{D04E7F03-52F3-4ED2-8F1A-333F01716E47}.Debug|x64.Build.0 = Debug|Any CPU
		{D04E7F03-52F3-4ED2-8F1A-333F01716E47}.Debug|x86.ActiveCfg = Debug|Any CPU
		{D04E7F03-52F3-4ED2-8F1A-333F01716E47}.Debug|x86.Build.0 = Debug|Any CPU
		{D04E7F03-52F3-4ED2-8F1A-333F01716E47}.Release|Any CPU.ActiveCfg = Release|Any CPU
		{D04E7F03-52F3-4ED2-8F1A-333F01716E47}.Release|Any CPU.Build.0 = Release|Any CPU
		{D04E7F03-52F3-4ED2-8F1A-333F01716E47}.Release|x64.ActiveCfg = Release|Any CPU
		{D04E7F03-52F3-4ED2-8F1A-333F01716E47}.Release|x64.Build.0 = Release|Any CPU
		{D04E7F03-52F3-4ED2-8F1A-333F01716E47}.Release|x86.ActiveCfg = Release|Any CPU
		{D04E7F03-52F3-4ED2-8F1A-333F01716E47}.Release|x86.Build.0 = Release|Any CPU
		{9AFD3E1D-1400-4D1E-85A1-87633F5D3A60}.Debug|Any CPU.ActiveCfg = Debug|Any CPU
		{9AFD3E1D-1400-4D1E-85A1-87633F5D3A60}.Debug|Any CPU.Build.0 = Debug|Any CPU
		{9AFD3E1D-1400-4D1E-85A1-87633F5D3A60}.Debug|x64.ActiveCfg = Debug|Any CPU
		{9AFD3E1D-1400-4D1E-85A1-87633F5D3A60}.Debug|x64.Build.0 = Debug|Any CPU
		{9AFD3E1D-1400-4D1E-85A1-87633F5D3A60}.Debug|x86.ActiveCfg = Debug|Any CPU
		{9AFD3E1D-1400-4D1E-85A1-87633F5D3A60}.Debug|x86.Build.0 = Debug|Any CPU
		{9AFD3E1D-1400-4D1E-85A1-87633F5D3A60}.Release|Any CPU.ActiveCfg = Release|Any CPU
		{9AFD3E1D-1400-4D1E-85A1-87633F5D3A60}.Release|Any CPU.Build.0 = Release|Any CPU
		{9AFD3E1D-1400-4D1E-85A1-87633F5D3A60}.Release|x64.ActiveCfg = Release|Any CPU
		{9AFD3E1D-1400-4D1E-85A1-87633F5D3A60}.Release|x64.Build.0 = Release|Any CPU
		{9AFD3E1D-1400-4D1E-85A1-87633F5D3A60}.Release|x86.ActiveCfg = Release|Any CPU
		{9AFD3E1D-1400-4D1E-85A1-87633F5D3A60}.Release|x86.Build.0 = Release|Any CPU
		{51ADB5E1-A909-4B4A-9E68-234C48F0E27F}.Debug|Any CPU.ActiveCfg = Debug|Any CPU
		{51ADB5E1-A909-4B4A-9E68-234C48F0E27F}.Debug|Any CPU.Build.0 = Debug|Any CPU
		{51ADB5E1-A909-4B4A-9E68-234C48F0E27F}.Debug|x64.ActiveCfg = Debug|Any CPU
		{51ADB5E1-A909-4B4A-9E68-234C48F0E27F}.Debug|x64.Build.0 = Debug|Any CPU
		{51ADB5E1-A909-4B4A-9E68-234C48F0E27F}.Debug|x86.ActiveCfg = Debug|Any CPU
		{51ADB5E1-A909-4B4A-9E68-234C48F0E27F}.Debug|x86.Build.0 = Debug|Any CPU
		{51ADB5E1-A909-4B4A-9E68-234C48F0E27F}.Release|Any CPU.ActiveCfg = Release|Any CPU
		{51ADB5E1-A909-4B4A-9E68-234C48F0E27F}.Release|Any CPU.Build.0 = Release|Any CPU
		{51ADB5E1-A909-4B4A-9E68-234C48F0E27F}.Release|x64.ActiveCfg = Release|Any CPU
		{51ADB5E1-A909-4B4A-9E68-234C48F0E27F}.Release|x64.Build.0 = Release|Any CPU
		{51ADB5E1-A909-4B4A-9E68-234C48F0E27F}.Release|x86.ActiveCfg = Release|Any CPU
		{51ADB5E1-A909-4B4A-9E68-234C48F0E27F}.Release|x86.Build.0 = Release|Any CPU
		{2D5F4EC0-E952-453B-80D4-A0D184511BC3}.Debug|Any CPU.ActiveCfg = Debug|Any CPU
		{2D5F4EC0-E952-453B-80D4-A0D184511BC3}.Debug|Any CPU.Build.0 = Debug|Any CPU
		{2D5F4EC0-E952-453B-80D4-A0D184511BC3}.Debug|x64.ActiveCfg = Debug|Any CPU
		{2D5F4EC0-E952-453B-80D4-A0D184511BC3}.Debug|x64.Build.0 = Debug|Any CPU
		{2D5F4EC0-E952-453B-80D4-A0D184511BC3}.Debug|x86.ActiveCfg = Debug|Any CPU
		{2D5F4EC0-E952-453B-80D4-A0D184511BC3}.Debug|x86.Build.0 = Debug|Any CPU
		{2D5F4EC0-E952-453B-80D4-A0D184511BC3}.Release|Any CPU.ActiveCfg = Release|Any CPU
		{2D5F4EC0-E952-453B-80D4-A0D184511BC3}.Release|Any CPU.Build.0 = Release|Any CPU
		{2D5F4EC0-E952-453B-80D4-A0D184511BC3}.Release|x64.ActiveCfg = Release|Any CPU
		{2D5F4EC0-E952-453B-80D4-A0D184511BC3}.Release|x64.Build.0 = Release|Any CPU
		{2D5F4EC0-E952-453B-80D4-A0D184511BC3}.Release|x86.ActiveCfg = Release|Any CPU
		{2D5F4EC0-E952-453B-80D4-A0D184511BC3}.Release|x86.Build.0 = Release|Any CPU
	EndGlobalSection
	GlobalSection(SolutionProperties) = preSolution
		HideSolutionNode = FALSE
	EndGlobalSection
	GlobalSection(NestedProjects) = preSolution
		{97625C3E-F749-66DE-9AEE-71ACB2617FF9} = {2DD996F9-4686-576C-A612-F1C7E10DA9BD}
		{E336D025-FE2F-4508-A981-C0956FAD3CB4} = {97625C3E-F749-66DE-9AEE-71ACB2617FF9}
		{CFFCA75F-2D45-1ADB-3EFB-419568A8E04F} = {2DD996F9-4686-576C-A612-F1C7E10DA9BD}
		{D04E7F03-52F3-4ED2-8F1A-333F01716E47} = {CFFCA75F-2D45-1ADB-3EFB-419568A8E04F}
		{1C688679-CD1A-1BA7-7122-341F9B770173} = {2DD996F9-4686-576C-A612-F1C7E10DA9BD}
		{9AFD3E1D-1400-4D1E-85A1-87633F5D3A60} = {1C688679-CD1A-1BA7-7122-341F9B770173}
		{FA3BD90F-471D-7629-A4F5-4A81465C425A} = {2DD996F9-4686-576C-A612-F1C7E10DA9BD}
		{51ADB5E1-A909-4B4A-9E68-234C48F0E27F} = {FA3BD90F-471D-7629-A4F5-4A81465C425A}
		{E893F207-1059-3500-8184-03D2218C07D6} = {2DD996F9-4686-576C-A612-F1C7E10DA9BD}
		{2D5F4EC0-E952-453B-80D4-A0D184511BC3} = {E893F207-1059-3500-8184-03D2218C07D6}
	EndGlobalSection
EndGlobal
