
Microsoft Visual Studio Solution File, Format Version 12.00
# Visual Studio Version 17
VisualStudioVersion = 17.0.31903.59
MinimumVisualStudioVersion = 10.0.40219.1
Project("{FAE04EC0-301F-11D3-BF4B-00C04F79EFBC}") = "WinterPasswordLib", "WinterPasswordLib\WinterPasswordLib.csproj", "{7C2A84A6-E9C3-434D-8B49-504B206A5B41}"
EndProject
Project("{2150E333-8FDC-42A3-9474-1A3956D46DE8}") = "10-Basics", "10-Basics", "{2DD996F9-4686-576C-A612-F1C7E10DA9BD}"
EndProject
Project("{2150E333-8FDC-42A3-9474-1A3956D46DE8}") = "10-McpServerNoSdk", "10-McpServerNoSdk", "{97625C3E-F749-66DE-9AEE-71ACB2617FF9}"
EndProject
Project("{FAE04EC0-301F-11D3-BF4B-00C04F79EFBC}") = "McpServerNoSdk", "10-Basics\10-McpServerNoSdk\McpServerNoSdk.csproj", "{3B804C05-1B6B-4FB6-9998-79379406A43C}"
EndProject
Project("{2150E333-8FDC-42A3-9474-1A3956D46DE8}") = "20-McpServerSdk", "20-McpServerSdk", "{CFFCA75F-2D45-1ADB-3EFB-419568A8E04F}"
EndProject
Project("{FAE04EC0-301F-11D3-BF4B-00C04F79EFBC}") = "McpServerSdk", "10-Basics\20-McpServerSdk\McpServerSdk.csproj", "{810A9DD0-B0B9-4B5E-9FAB-FA5291716078}"
EndProject
Project("{2150E333-8FDC-42A3-9474-1A3956D46DE8}") = "30-McpClient", "30-McpClient", "{1C688679-CD1A-1BA7-7122-341F9B770173}"
EndProject
Project("{FAE04EC0-301F-11D3-BF4B-00C04F79EFBC}") = "McpClient", "10-Basics\30-McpClient\McpClient.csproj", "{D87EC5E0-6B2A-4899-B360-D0FB8AE055A4}"
EndProject
Project("{2150E333-8FDC-42A3-9474-1A3956D46DE8}") = "40-McpServerSampling", "40-McpServerSampling", "{FA3BD90F-471D-7629-A4F5-4A81465C425A}"
EndProject
Project("{FAE04EC0-301F-11D3-BF4B-00C04F79EFBC}") = "McpServerSampling", "10-Basics\40-McpServerSampling\McpServerSampling.csproj", "{EF76A25E-CD47-4CEA-9C10-EEB2E4523268}"
EndProject
Project("{2150E333-8FDC-42A3-9474-1A3956D46DE8}") = "50-McpServerVerifyImage", "50-McpServerVerifyImage", "{E893F207-1059-3500-8184-03D2218C07D6}"
EndProject
Project("{FAE04EC0-301F-11D3-BF4B-00C04F79EFBC}") = "McpServerVerifyImage", "10-Basics\50-McpServerVerifyImage\McpServerVerifyImage.csproj", "{67BAC232-A902-47D6-8ED0-943A1975033E}"
EndProject
Project("{2150E333-8FDC-42A3-9474-1A3956D46DE8}") = "20-Streamable", "20-Streamable", "{30F1E621-E778-A323-9264-F45E5561B066}"
EndProject
Project("{2150E333-8FDC-42A3-9474-1A3956D46DE8}") = "10-DemoServer", "10-DemoServer", "{67136CF4-4940-27E6-71EA-6495ED227EB4}"
EndProject
Project("{FAE04EC0-301F-11D3-BF4B-00C04F79EFBC}") = "DemoServer", "20-Streamable\10-DemoServer\DemoServer.csproj", "{AFE20C20-25A5-458B-A191-738498F3F021}"
EndProject
Project("{FAE04EC0-301F-11D3-BF4B-00C04F79EFBC}") = "ServiceDefaults", "20-Streamable\ServiceDefaults\ServiceDefaults.csproj", "{BBEF93AC-C6F6-49B2-BB00-94F1FEDEDDD9}"
EndProject
Project("{2150E333-8FDC-42A3-9474-1A3956D46DE8}") = "20-McpStreamableServer", "20-McpStreamableServer", "{D82E0FD0-A3B9-24C8-4AAD-FC9CE4E7B448}"
EndProject
Project("{FAE04EC0-301F-11D3-BF4B-00C04F79EFBC}") = "McpStreamableServer", "20-Streamable\20-McpStreamableServer\McpStreamableServer.csproj", "{657C9E50-917E-404D-82F0-A5A238CBB9CD}"
EndProject
Project("{FAE04EC0-301F-11D3-BF4B-00C04F79EFBC}") = "AppHost", "20-Streamable\AppHost\AppHost.csproj", "{5C1D4FD3-7D2E-4815-B550-67DD3B054633}"
EndProject
Global
	GlobalSection(SolutionConfigurationPlatforms) = preSolution
		Debug|Any CPU = Debug|Any CPU
		Debug|x64 = Debug|x64
		Debug|x86 = Debug|x86
		Release|Any CPU = Release|Any CPU
		Release|x64 = Release|x64
		Release|x86 = Release|x86
	EndGlobalSection
	GlobalSection(ProjectConfigurationPlatforms) = postSolution
		{7C2A84A6-E9C3-434D-8B49-504B206A5B41}.Debug|Any CPU.ActiveCfg = Debug|Any CPU
		{7C2A84A6-E9C3-434D-8B49-504B206A5B41}.Debug|Any CPU.Build.0 = Debug|Any CPU
		{7C2A84A6-E9C3-434D-8B49-504B206A5B41}.Debug|x64.ActiveCfg = Debug|Any CPU
		{7C2A84A6-E9C3-434D-8B49-504B206A5B41}.Debug|x64.Build.0 = Debug|Any CPU
		{7C2A84A6-E9C3-434D-8B49-504B206A5B41}.Debug|x86.ActiveCfg = Debug|Any CPU
		{7C2A84A6-E9C3-434D-8B49-504B206A5B41}.Debug|x86.Build.0 = Debug|Any CPU
		{7C2A84A6-E9C3-434D-8B49-504B206A5B41}.Release|Any CPU.ActiveCfg = Release|Any CPU
		{7C2A84A6-E9C3-434D-8B49-504B206A5B41}.Release|Any CPU.Build.0 = Release|Any CPU
		{7C2A84A6-E9C3-434D-8B49-504B206A5B41}.Release|x64.ActiveCfg = Release|Any CPU
		{7C2A84A6-E9C3-434D-8B49-504B206A5B41}.Release|x64.Build.0 = Release|Any CPU
		{7C2A84A6-E9C3-434D-8B49-504B206A5B41}.Release|x86.ActiveCfg = Release|Any CPU
		{7C2A84A6-E9C3-434D-8B49-504B206A5B41}.Release|x86.Build.0 = Release|Any CPU
		{3B804C05-1B6B-4FB6-9998-79379406A43C}.Debug|Any CPU.ActiveCfg = Debug|Any CPU
		{3B804C05-1B6B-4FB6-9998-79379406A43C}.Debug|Any CPU.Build.0 = Debug|Any CPU
		{3B804C05-1B6B-4FB6-9998-79379406A43C}.Debug|x64.ActiveCfg = Debug|Any CPU
		{3B804C05-1B6B-4FB6-9998-79379406A43C}.Debug|x64.Build.0 = Debug|Any CPU
		{3B804C05-1B6B-4FB6-9998-79379406A43C}.Debug|x86.ActiveCfg = Debug|Any CPU
		{3B804C05-1B6B-4FB6-9998-79379406A43C}.Debug|x86.Build.0 = Debug|Any CPU
		{3B804C05-1B6B-4FB6-9998-79379406A43C}.Release|Any CPU.ActiveCfg = Release|Any CPU
		{3B804C05-1B6B-4FB6-9998-79379406A43C}.Release|Any CPU.Build.0 = Release|Any CPU
		{3B804C05-1B6B-4FB6-9998-79379406A43C}.Release|x64.ActiveCfg = Release|Any CPU
		{3B804C05-1B6B-4FB6-9998-79379406A43C}.Release|x64.Build.0 = Release|Any CPU
		{3B804C05-1B6B-4FB6-9998-79379406A43C}.Release|x86.ActiveCfg = Release|Any CPU
		{3B804C05-1B6B-4FB6-9998-79379406A43C}.Release|x86.Build.0 = Release|Any CPU
		{810A9DD0-B0B9-4B5E-9FAB-FA5291716078}.Debug|Any CPU.ActiveCfg = Debug|Any CPU
		{810A9DD0-B0B9-4B5E-9FAB-FA5291716078}.Debug|Any CPU.Build.0 = Debug|Any CPU
		{810A9DD0-B0B9-4B5E-9FAB-FA5291716078}.Debug|x64.ActiveCfg = Debug|Any CPU
		{810A9DD0-B0B9-4B5E-9FAB-FA5291716078}.Debug|x64.Build.0 = Debug|Any CPU
		{810A9DD0-B0B9-4B5E-9FAB-FA5291716078}.Debug|x86.ActiveCfg = Debug|Any CPU
		{810A9DD0-B0B9-4B5E-9FAB-FA5291716078}.Debug|x86.Build.0 = Debug|Any CPU
		{810A9DD0-B0B9-4B5E-9FAB-FA5291716078}.Release|Any CPU.ActiveCfg = Release|Any CPU
		{810A9DD0-B0B9-4B5E-9FAB-FA5291716078}.Release|Any CPU.Build.0 = Release|Any CPU
		{810A9DD0-B0B9-4B5E-9FAB-FA5291716078}.Release|x64.ActiveCfg = Release|Any CPU
		{810A9DD0-B0B9-4B5E-9FAB-FA5291716078}.Release|x64.Build.0 = Release|Any CPU
		{810A9DD0-B0B9-4B5E-9FAB-FA5291716078}.Release|x86.ActiveCfg = Release|Any CPU
		{810A9DD0-B0B9-4B5E-9FAB-FA5291716078}.Release|x86.Build.0 = Release|Any CPU
		{D87EC5E0-6B2A-4899-B360-D0FB8AE055A4}.Debug|Any CPU.ActiveCfg = Debug|Any CPU
		{D87EC5E0-6B2A-4899-B360-D0FB8AE055A4}.Debug|Any CPU.Build.0 = Debug|Any CPU
		{D87EC5E0-6B2A-4899-B360-D0FB8AE055A4}.Debug|x64.ActiveCfg = Debug|Any CPU
		{D87EC5E0-6B2A-4899-B360-D0FB8AE055A4}.Debug|x64.Build.0 = Debug|Any CPU
		{D87EC5E0-6B2A-4899-B360-D0FB8AE055A4}.Debug|x86.ActiveCfg = Debug|Any CPU
		{D87EC5E0-6B2A-4899-B360-D0FB8AE055A4}.Debug|x86.Build.0 = Debug|Any CPU
		{D87EC5E0-6B2A-4899-B360-D0FB8AE055A4}.Release|Any CPU.ActiveCfg = Release|Any CPU
		{D87EC5E0-6B2A-4899-B360-D0FB8AE055A4}.Release|Any CPU.Build.0 = Release|Any CPU
		{D87EC5E0-6B2A-4899-B360-D0FB8AE055A4}.Release|x64.ActiveCfg = Release|Any CPU
		{D87EC5E0-6B2A-4899-B360-D0FB8AE055A4}.Release|x64.Build.0 = Release|Any CPU
		{D87EC5E0-6B2A-4899-B360-D0FB8AE055A4}.Release|x86.ActiveCfg = Release|Any CPU
		{D87EC5E0-6B2A-4899-B360-D0FB8AE055A4}.Release|x86.Build.0 = Release|Any CPU
		{EF76A25E-CD47-4CEA-9C10-EEB2E4523268}.Debug|Any CPU.ActiveCfg = Debug|Any CPU
		{EF76A25E-CD47-4CEA-9C10-EEB2E4523268}.Debug|Any CPU.Build.0 = Debug|Any CPU
		{EF76A25E-CD47-4CEA-9C10-EEB2E4523268}.Debug|x64.ActiveCfg = Debug|Any CPU
		{EF76A25E-CD47-4CEA-9C10-EEB2E4523268}.Debug|x64.Build.0 = Debug|Any CPU
		{EF76A25E-CD47-4CEA-9C10-EEB2E4523268}.Debug|x86.ActiveCfg = Debug|Any CPU
		{EF76A25E-CD47-4CEA-9C10-EEB2E4523268}.Debug|x86.Build.0 = Debug|Any CPU
		{EF76A25E-CD47-4CEA-9C10-EEB2E4523268}.Release|Any CPU.ActiveCfg = Release|Any CPU
		{EF76A25E-CD47-4CEA-9C10-EEB2E4523268}.Release|Any CPU.Build.0 = Release|Any CPU
		{EF76A25E-CD47-4CEA-9C10-EEB2E4523268}.Release|x64.ActiveCfg = Release|Any CPU
		{EF76A25E-CD47-4CEA-9C10-EEB2E4523268}.Release|x64.Build.0 = Release|Any CPU
		{EF76A25E-CD47-4CEA-9C10-EEB2E4523268}.Release|x86.ActiveCfg = Release|Any CPU
		{EF76A25E-CD47-4CEA-9C10-EEB2E4523268}.Release|x86.Build.0 = Release|Any CPU
		{67BAC232-A902-47D6-8ED0-943A1975033E}.Debug|Any CPU.ActiveCfg = Debug|Any CPU
		{67BAC232-A902-47D6-8ED0-943A1975033E}.Debug|Any CPU.Build.0 = Debug|Any CPU
		{67BAC232-A902-47D6-8ED0-943A1975033E}.Debug|x64.ActiveCfg = Debug|Any CPU
		{67BAC232-A902-47D6-8ED0-943A1975033E}.Debug|x64.Build.0 = Debug|Any CPU
		{67BAC232-A902-47D6-8ED0-943A1975033E}.Debug|x86.ActiveCfg = Debug|Any CPU
		{67BAC232-A902-47D6-8ED0-943A1975033E}.Debug|x86.Build.0 = Debug|Any CPU
		{67BAC232-A902-47D6-8ED0-943A1975033E}.Release|Any CPU.ActiveCfg = Release|Any CPU
		{67BAC232-A902-47D6-8ED0-943A1975033E}.Release|Any CPU.Build.0 = Release|Any CPU
		{67BAC232-A902-47D6-8ED0-943A1975033E}.Release|x64.ActiveCfg = Release|Any CPU
		{67BAC232-A902-47D6-8ED0-943A1975033E}.Release|x64.Build.0 = Release|Any CPU
		{67BAC232-A902-47D6-8ED0-943A1975033E}.Release|x86.ActiveCfg = Release|Any CPU
		{67BAC232-A902-47D6-8ED0-943A1975033E}.Release|x86.Build.0 = Release|Any CPU
		{AFE20C20-25A5-458B-A191-738498F3F021}.Debug|Any CPU.ActiveCfg = Debug|Any CPU
		{AFE20C20-25A5-458B-A191-738498F3F021}.Debug|Any CPU.Build.0 = Debug|Any CPU
		{AFE20C20-25A5-458B-A191-738498F3F021}.Debug|x64.ActiveCfg = Debug|Any CPU
		{AFE20C20-25A5-458B-A191-738498F3F021}.Debug|x64.Build.0 = Debug|Any CPU
		{AFE20C20-25A5-458B-A191-738498F3F021}.Debug|x86.ActiveCfg = Debug|Any CPU
		{AFE20C20-25A5-458B-A191-738498F3F021}.Debug|x86.Build.0 = Debug|Any CPU
		{AFE20C20-25A5-458B-A191-738498F3F021}.Release|Any CPU.ActiveCfg = Release|Any CPU
		{AFE20C20-25A5-458B-A191-738498F3F021}.Release|Any CPU.Build.0 = Release|Any CPU
		{AFE20C20-25A5-458B-A191-738498F3F021}.Release|x64.ActiveCfg = Release|Any CPU
		{AFE20C20-25A5-458B-A191-738498F3F021}.Release|x64.Build.0 = Release|Any CPU
		{AFE20C20-25A5-458B-A191-738498F3F021}.Release|x86.ActiveCfg = Release|Any CPU
		{AFE20C20-25A5-458B-A191-738498F3F021}.Release|x86.Build.0 = Release|Any CPU
		{BBEF93AC-C6F6-49B2-BB00-94F1FEDEDDD9}.Debug|Any CPU.ActiveCfg = Debug|Any CPU
		{BBEF93AC-C6F6-49B2-BB00-94F1FEDEDDD9}.Debug|Any CPU.Build.0 = Debug|Any CPU
		{BBEF93AC-C6F6-49B2-BB00-94F1FEDEDDD9}.Debug|x64.ActiveCfg = Debug|Any CPU
		{BBEF93AC-C6F6-49B2-BB00-94F1FEDEDDD9}.Debug|x64.Build.0 = Debug|Any CPU
		{BBEF93AC-C6F6-49B2-BB00-94F1FEDEDDD9}.Debug|x86.ActiveCfg = Debug|Any CPU
		{BBEF93AC-C6F6-49B2-BB00-94F1FEDEDDD9}.Debug|x86.Build.0 = Debug|Any CPU
		{BBEF93AC-C6F6-49B2-BB00-94F1FEDEDDD9}.Release|Any CPU.ActiveCfg = Release|Any CPU
		{BBEF93AC-C6F6-49B2-BB00-94F1FEDEDDD9}.Release|Any CPU.Build.0 = Release|Any CPU
		{BBEF93AC-C6F6-49B2-BB00-94F1FEDEDDD9}.Release|x64.ActiveCfg = Release|Any CPU
		{BBEF93AC-C6F6-49B2-BB00-94F1FEDEDDD9}.Release|x64.Build.0 = Release|Any CPU
		{BBEF93AC-C6F6-49B2-BB00-94F1FEDEDDD9}.Release|x86.ActiveCfg = Release|Any CPU
		{BBEF93AC-C6F6-49B2-BB00-94F1FEDEDDD9}.Release|x86.Build.0 = Release|Any CPU
		{657C9E50-917E-404D-82F0-A5A238CBB9CD}.Debug|Any CPU.ActiveCfg = Debug|Any CPU
		{657C9E50-917E-404D-82F0-A5A238CBB9CD}.Debug|Any CPU.Build.0 = Debug|Any CPU
		{657C9E50-917E-404D-82F0-A5A238CBB9CD}.Debug|x64.ActiveCfg = Debug|Any CPU
		{657C9E50-917E-404D-82F0-A5A238CBB9CD}.Debug|x64.Build.0 = Debug|Any CPU
		{657C9E50-917E-404D-82F0-A5A238CBB9CD}.Debug|x86.ActiveCfg = Debug|Any CPU
		{657C9E50-917E-404D-82F0-A5A238CBB9CD}.Debug|x86.Build.0 = Debug|Any CPU
		{657C9E50-917E-404D-82F0-A5A238CBB9CD}.Release|Any CPU.ActiveCfg = Release|Any CPU
		{657C9E50-917E-404D-82F0-A5A238CBB9CD}.Release|Any CPU.Build.0 = Release|Any CPU
		{657C9E50-917E-404D-82F0-A5A238CBB9CD}.Release|x64.ActiveCfg = Release|Any CPU
		{657C9E50-917E-404D-82F0-A5A238CBB9CD}.Release|x64.Build.0 = Release|Any CPU
		{657C9E50-917E-404D-82F0-A5A238CBB9CD}.Release|x86.ActiveCfg = Release|Any CPU
		{657C9E50-917E-404D-82F0-A5A238CBB9CD}.Release|x86.Build.0 = Release|Any CPU
		{5C1D4FD3-7D2E-4815-B550-67DD3B054633}.Debug|Any CPU.ActiveCfg = Debug|Any CPU
		{5C1D4FD3-7D2E-4815-B550-67DD3B054633}.Debug|Any CPU.Build.0 = Debug|Any CPU
		{5C1D4FD3-7D2E-4815-B550-67DD3B054633}.Debug|x64.ActiveCfg = Debug|Any CPU
		{5C1D4FD3-7D2E-4815-B550-67DD3B054633}.Debug|x64.Build.0 = Debug|Any CPU
		{5C1D4FD3-7D2E-4815-B550-67DD3B054633}.Debug|x86.ActiveCfg = Debug|Any CPU
		{5C1D4FD3-7D2E-4815-B550-67DD3B054633}.Debug|x86.Build.0 = Debug|Any CPU
		{5C1D4FD3-7D2E-4815-B550-67DD3B054633}.Release|Any CPU.ActiveCfg = Release|Any CPU
		{5C1D4FD3-7D2E-4815-B550-67DD3B054633}.Release|Any CPU.Build.0 = Release|Any CPU
		{5C1D4FD3-7D2E-4815-B550-67DD3B054633}.Release|x64.ActiveCfg = Release|Any CPU
		{5C1D4FD3-7D2E-4815-B550-67DD3B054633}.Release|x64.Build.0 = Release|Any CPU
		{5C1D4FD3-7D2E-4815-B550-67DD3B054633}.Release|x86.ActiveCfg = Release|Any CPU
		{5C1D4FD3-7D2E-4815-B550-67DD3B054633}.Release|x86.Build.0 = Release|Any CPU
	EndGlobalSection
	GlobalSection(SolutionProperties) = preSolution
		HideSolutionNode = FALSE
	EndGlobalSection
	GlobalSection(NestedProjects) = preSolution
		{97625C3E-F749-66DE-9AEE-71ACB2617FF9} = {2DD996F9-4686-576C-A612-F1C7E10DA9BD}
		{3B804C05-1B6B-4FB6-9998-79379406A43C} = {97625C3E-F749-66DE-9AEE-71ACB2617FF9}
		{CFFCA75F-2D45-1ADB-3EFB-419568A8E04F} = {2DD996F9-4686-576C-A612-F1C7E10DA9BD}
		{810A9DD0-B0B9-4B5E-9FAB-FA5291716078} = {CFFCA75F-2D45-1ADB-3EFB-419568A8E04F}
		{1C688679-CD1A-1BA7-7122-341F9B770173} = {2DD996F9-4686-576C-A612-F1C7E10DA9BD}
		{D87EC5E0-6B2A-4899-B360-D0FB8AE055A4} = {1C688679-CD1A-1BA7-7122-341F9B770173}
		{FA3BD90F-471D-7629-A4F5-4A81465C425A} = {2DD996F9-4686-576C-A612-F1C7E10DA9BD}
		{EF76A25E-CD47-4CEA-9C10-EEB2E4523268} = {FA3BD90F-471D-7629-A4F5-4A81465C425A}
		{E893F207-1059-3500-8184-03D2218C07D6} = {2DD996F9-4686-576C-A612-F1C7E10DA9BD}
		{67BAC232-A902-47D6-8ED0-943A1975033E} = {E893F207-1059-3500-8184-03D2218C07D6}
		{67136CF4-4940-27E6-71EA-6495ED227EB4} = {30F1E621-E778-A323-9264-F45E5561B066}
		{AFE20C20-25A5-458B-A191-738498F3F021} = {67136CF4-4940-27E6-71EA-6495ED227EB4}
		{BBEF93AC-C6F6-49B2-BB00-94F1FEDEDDD9} = {30F1E621-E778-A323-9264-F45E5561B066}
		{D82E0FD0-A3B9-24C8-4AAD-FC9CE4E7B448} = {30F1E621-E778-A323-9264-F45E5561B066}
		{657C9E50-917E-404D-82F0-A5A238CBB9CD} = {D82E0FD0-A3B9-24C8-4AAD-FC9CE4E7B448}
		{5C1D4FD3-7D2E-4815-B550-67DD3B054633} = {30F1E621-E778-A323-9264-F45E5561B066}
	EndGlobalSection
EndGlobal
